
Microsoft Visual Studio Solution File, Format Version 12.00
# Visual Studio Version 17
VisualStudioVersion = 17.13.35818.85 d17.13
MinimumVisualStudioVersion = 10.0.40219.1
Project("{FAE04EC0-301F-11D3-BF4B-00C04F79EFBC}") = "RockPaperScissorGame", "RockPaperScissorGame\RockPaperScissorGame.csproj", "{2A3A4A6F-6276-4FF7-B96F-EA77723BA9D6}"
EndProject
Global
	GlobalSection(SolutionConfigurationPlatforms) = preSolution
		Debug|Any CPU = Debug|Any CPU
		Release|Any CPU = Release|Any CPU
	EndGlobalSection
	GlobalSection(ProjectConfigurationPlatforms) = postSolution
		{2A3A4A6F-6276-4FF7-B96F-EA77723BA9D6}.Debug|Any CPU.ActiveCfg = Debug|Any CPU
		{2A3A4A6F-6276-4FF7-B96F-EA77723BA9D6}.Debug|Any CPU.Build.0 = Debug|Any CPU
		{2A3A4A6F-6276-4FF7-B96F-EA77723BA9D6}.Release|Any CPU.ActiveCfg = Release|Any CPU
		{2A3A4A6F-6276-4FF7-B96F-EA77723BA9D6}.Release|Any CPU.Build.0 = Release|Any CPU
	EndGlobalSection
	GlobalSection(SolutionProperties) = preSolution
		HideSolutionNode = FALSE
	EndGlobalSection
	GlobalSection(ExtensibilityGlobals) = postSolution
		SolutionGuid = {D159FAAA-505D-412A-9EED-C5BF1C883362}
	EndGlobalSection
EndGlobal
