
Microsoft Visual Studio Solution File, Format Version 12.00
# Visual Studio Version 17
VisualStudioVersion = 17.13.35818.85 d17.13
MinimumVisualStudioVersion = 10.0.40219.1
Project("{FAE04EC0-301F-11D3-BF4B-00C04F79EFBC}") = "PizzaPanda Restaurant", "PizzaPanda Restaurant.csproj", "{12567B05-016D-9553-3568-9B1B8A7CB4EE}"
EndProject
Global
	GlobalSection(SolutionConfigurationPlatforms) = preSolution
		Debug|Any CPU = Debug|Any CPU
		Release|Any CPU = Release|Any CPU
	EndGlobalSection
	GlobalSection(ProjectConfigurationPlatforms) = postSolution
		{12567B05-016D-9553-3568-9B1B8A7CB4EE}.Debug|Any CPU.ActiveCfg = Debug|Any CPU
		{12567B05-016D-9553-3568-9B1B8A7CB4EE}.Debug|Any CPU.Build.0 = Debug|Any CPU
		{12567B05-016D-9553-3568-9B1B8A7CB4EE}.Release|Any CPU.ActiveCfg = Release|Any CPU
		{12567B05-016D-9553-3568-9B1B8A7CB4EE}.Release|Any CPU.Build.0 = Release|Any CPU
	EndGlobalSection
	GlobalSection(SolutionProperties) = preSolution
		HideSolutionNode = FALSE
	EndGlobalSection
	GlobalSection(ExtensibilityGlobals) = postSolution
		SolutionGuid = {1FFB8FA0-1093-484D-A4C8-2D7DFA989105}
	EndGlobalSection
EndGlobal
